
Microsoft Visual Studio Solution File, Format Version 12.00
# Visual Studio Version 17
VisualStudioVersion = 17.5.33530.505
MinimumVisualStudioVersion = 10.0.40219.1
Project("{9A19103F-16F7-4668-BE54-9A1E7A4F7556}") = "API", "WebAPITest\API.csproj", "{BCE4F796-D542-41CC-83C7-AC986C19E701}"
EndProject
Global
	GlobalSection(SolutionConfigurationPlatforms) = preSolution
		Debug|Any CPU = Debug|Any CPU
		Release|Any CPU = Release|Any CPU
	EndGlobalSection
	GlobalSection(ProjectConfigurationPlatforms) = postSolution
		{BCE4F796-D542-41CC-83C7-AC986C19E701}.Debug|Any CPU.ActiveCfg = Debug|Any CPU
		{BCE4F796-D542-41CC-83C7-AC986C19E701}.Debug|Any CPU.Build.0 = Debug|Any CPU
		{BCE4F796-D542-41CC-83C7-AC986C19E701}.Release|Any CPU.ActiveCfg = Release|Any CPU
		{BCE4F796-D542-41CC-83C7-AC986C19E701}.Release|Any CPU.Build.0 = Release|Any CPU
	EndGlobalSection
	GlobalSection(SolutionProperties) = preSolution
		HideSolutionNode = FALSE
	EndGlobalSection
	GlobalSection(ExtensibilityGlobals) = postSolution
		SolutionGuid = {6DF8EBFF-D772-4E07-9724-8C3C569038C2}
	EndGlobalSection
EndGlobal
