
Microsoft Visual Studio Solution File, Format Version 12.00
# Visual Studio Version 17
VisualStudioVersion = 17.5.33530.505
MinimumVisualStudioVersion = 10.0.40219.1
Project("{FAE04EC0-301F-11D3-BF4B-00C04F79EFBC}") = "Straznik", "Straznik\Straznik.csproj", "{BC2EFFF0-FA28-4738-8124-3BDCEA8E3DB6}"
EndProject
Project("{FAE04EC0-301F-11D3-BF4B-00C04F79EFBC}") = "SQLLib", "SQLLib\SQLLib.csproj", "{67D1281F-E5F9-4B3A-9E0F-EC5033D387C3}"
EndProject
Global
	GlobalSection(SolutionConfigurationPlatforms) = preSolution
		Debug|Any CPU = Debug|Any CPU
		Release|Any CPU = Release|Any CPU
	EndGlobalSection
	GlobalSection(ProjectConfigurationPlatforms) = postSolution
		{BC2EFFF0-FA28-4738-8124-3BDCEA8E3DB6}.Debug|Any CPU.ActiveCfg = Debug|Any CPU
		{BC2EFFF0-FA28-4738-8124-3BDCEA8E3DB6}.Debug|Any CPU.Build.0 = Debug|Any CPU
		{BC2EFFF0-FA28-4738-8124-3BDCEA8E3DB6}.Release|Any CPU.ActiveCfg = Release|Any CPU
		{BC2EFFF0-FA28-4738-8124-3BDCEA8E3DB6}.Release|Any CPU.Build.0 = Release|Any CPU
		{67D1281F-E5F9-4B3A-9E0F-EC5033D387C3}.Debug|Any CPU.ActiveCfg = Debug|Any CPU
		{67D1281F-E5F9-4B3A-9E0F-EC5033D387C3}.Debug|Any CPU.Build.0 = Debug|Any CPU
		{67D1281F-E5F9-4B3A-9E0F-EC5033D387C3}.Release|Any CPU.ActiveCfg = Release|Any CPU
		{67D1281F-E5F9-4B3A-9E0F-EC5033D387C3}.Release|Any CPU.Build.0 = Release|Any CPU
	EndGlobalSection
	GlobalSection(SolutionProperties) = preSolution
		HideSolutionNode = FALSE
	EndGlobalSection
	GlobalSection(ExtensibilityGlobals) = postSolution
		SolutionGuid = {BF743BA6-DB85-465D-91B0-839C5469CF3E}
	EndGlobalSection
EndGlobal
